<?xml version="1.0" encoding="utf-8"?>
<Project ToolsVersion="4.0" xmlns="http://schemas.microsoft.com/developer/msbuild/2003">
  <ItemGroup>
    <Filter Include="Source Files">
      <UniqueIdentifier>{4FC737F1-C7A5-4376-A066-2A32D752A2FF}</UniqueIdentifier>
      <Extensions>cpp;c;cc;cxx;def;odl;idl;hpj;bat;asm;asmx</Extensions>
    </Filter>
    <Filter Include="Header Files">
      <UniqueIdentifier>{93995380-89BD-4b04-88EB-625FBE52EBFB}</UniqueIdentifier>
      <Extensions>h;hh;hpp;hxx;hm;inl;inc;xsd</Extensions>
    </Filter>
    <Filter Include="Resource Files">
      <UniqueIdentifier>{67DA6AB6-F800-4c08-8B7A-83BB121AAD01}</UniqueIdentifier>
      <Extensions>rc;ico;cur;bmp;dlg;rc2;rct;bin;rgs;gif;jpg;jpeg;jpe;resx;tiff;tif;png;wav;mfcribbon-ms</Extensions>
    </Filter>
  </ItemGroup>
  <ItemGroup>
    <ClCompile Include="Demon.cpp">
      <Filter>Source Files</Filter>
    </ClCompile>
    <ClCompile Include="Drakonid.cpp">
      <Filter>Source Files</Filter>
    </ClCompile>
    <ClCompile Include="Poludnica.cpp">
      <Filter>Source Files</Filter>
    </ClCompile>
    <ClCompile Include="Potwory.cpp">
      <Filter>Source Files</Filter>
    </ClCompile>
    <ClCompile Include="Smok.cpp">
      <Filter>Source Files</Filter>
    </ClCompile>
    <ClCompile Include="Source.cpp">
      <Filter>Source Files</Filter>
    </ClCompile>
    <ClCompile Include="Upiory.cpp">
      <Filter>Source Files</Filter>
    </ClCompile>
    <ClCompile Include="WampirNizszy.cpp">
      <Filter>Source Files</Filter>
    </ClCompile>
    <ClCompile Include="WampirWyzszy.cpp">
      <Filter>Source Files</Filter>
    </ClCompile>
    <ClCompile Include="Wampiry.cpp">
      <Filter>Source Files</Filter>
    </ClCompile>
    <ClCompile Include="Wiwerna.cpp">
      <Filter>Source Files</Filter>
    </ClCompile>
  </ItemGroup>
  <ItemGroup>
    <ClInclude Include="Drakonid.h">
      <Filter>Header Files</Filter>
    </ClInclude>
    <ClInclude Include="Demon.h">
      <Filter>Header Files</Filter>
    </ClInclude>
    <ClInclude Include="Poludnica.h">
      <Filter>Header Files</Filter>
    </ClInclude>
    <ClInclude Include="Potwory.h">
      <Filter>Header Files</Filter>
    </ClInclude>
    <ClInclude Include="Smok.h">
      <Filter>Header Files</Filter>
    </ClInclude>
    <ClInclude Include="Upiory.h">
      <Filter>Header Files</Filter>
    </ClInclude>
    <ClInclude Include="WampirNizszy.h">
      <Filter>Header Files</Filter>
    </ClInclude>
    <ClInclude Include="WampirWyzszy.h">
      <Filter>Header Files</Filter>
    </ClInclude>
    <ClInclude Include="Wampiry.h">
      <Filter>Header Files</Filter>
    </ClInclude>
    <ClInclude Include="Wiwerna.h">
      <Filter>Header Files</Filter>
    </ClInclude>
  </ItemGroup>
</Project>